// !$*UTF8*$!
{
	archiveVersion = 1;
	classes = {
	};
	objectVersion = 56;
	objects = {

/* Begin PBXBuildFile section */
		253F2A9D2A4712C900093E7C /* UberApp.swift in Sources */ = {isa = PBXBuildFile; fileRef = 253F2A9C2A4712C900093E7C /* UberApp.swift */; };
		253F2AA12A4712CB00093E7C /* Assets.xcassets in Resources */ = {isa = PBXBuildFile; fileRef = 253F2AA02A4712CB00093E7C /* Assets.xcassets */; };
		253F2AA42A4712CB00093E7C /* Preview Assets.xcassets in Resources */ = {isa = PBXBuildFile; fileRef = 253F2AA32A4712CB00093E7C /* Preview Assets.xcassets */; };
		25E47B762A4B242D008ECFC6 /* HomeView.swift in Sources */ = {isa = PBXBuildFile; fileRef = 25E47B752A4B242D008ECFC6 /* HomeView.swift */; };
		25E47B782A4B2529008ECFC6 /* UberMapViewRepresentable.swift in Sources */ = {isa = PBXBuildFile; fileRef = 25E47B772A4B2529008ECFC6 /* UberMapViewRepresentable.swift */; };
		25E47B7A2A4B2A91008ECFC6 /* LocationManager.swift in Sources */ = {isa = PBXBuildFile; fileRef = 25E47B792A4B2A91008ECFC6 /* LocationManager.swift */; };
		25E47B812A4CE10D008ECFC6 /* LocationSearchActivationView.swift in Sources */ = {isa = PBXBuildFile; fileRef = 25E47B802A4CE10D008ECFC6 /* LocationSearchActivationView.swift */; };
		25E47B832A4CE476008ECFC6 /* MapViewActionButton.swift in Sources */ = {isa = PBXBuildFile; fileRef = 25E47B822A4CE476008ECFC6 /* MapViewActionButton.swift */; };
		25E47B852A4D3554008ECFC6 /* LocationSearchView.swift in Sources */ = {isa = PBXBuildFile; fileRef = 25E47B842A4D3554008ECFC6 /* LocationSearchView.swift */; };
		25E47B872A4D3712008ECFC6 /* LocationSearchRow.swift in Sources */ = {isa = PBXBuildFile; fileRef = 25E47B862A4D3712008ECFC6 /* LocationSearchRow.swift */; };
		25E47B892A4D6445008ECFC6 /* LocationSearchViewModel.swift in Sources */ = {isa = PBXBuildFile; fileRef = 25E47B882A4D6445008ECFC6 /* LocationSearchViewModel.swift */; };
		25E47B8B2A50EEC8008ECFC6 /* MapViewState.swift in Sources */ = {isa = PBXBuildFile; fileRef = 25E47B8A2A50EEC8008ECFC6 /* MapViewState.swift */; };
		25E47B8F2A50F427008ECFC6 /* RideRequestView.swift in Sources */ = {isa = PBXBuildFile; fileRef = 25E47B8E2A50F427008ECFC6 /* RideRequestView.swift */; };
/* End PBXBuildFile section */

/* Begin PBXFileReference section */
		253F2A992A4712C900093E7C /* Uber.app */ = {isa = PBXFileReference; explicitFileType = wrapper.application; includeInIndex = 0; path = Uber.app; sourceTree = BUILT_PRODUCTS_DIR; };
		253F2A9C2A4712C900093E7C /* UberApp.swift */ = {isa = PBXFileReference; lastKnownFileType = sourcecode.swift; path = UberApp.swift; sourceTree = "<group>"; };
		253F2AA02A4712CB00093E7C /* Assets.xcassets */ = {isa = PBXFileReference; lastKnownFileType = folder.assetcatalog; path = Assets.xcassets; sourceTree = "<group>"; };
		253F2AA32A4712CB00093E7C /* Preview Assets.xcassets */ = {isa = PBXFileReference; lastKnownFileType = folder.assetcatalog; path = "Preview Assets.xcassets"; sourceTree = "<group>"; };
		25E47B752A4B242D008ECFC6 /* HomeView.swift */ = {isa = PBXFileReference; lastKnownFileType = sourcecode.swift; path = HomeView.swift; sourceTree = "<group>"; };
		25E47B772A4B2529008ECFC6 /* UberMapViewRepresentable.swift */ = {isa = PBXFileReference; lastKnownFileType = sourcecode.swift; path = UberMapViewRepresentable.swift; sourceTree = "<group>"; };
		25E47B792A4B2A91008ECFC6 /* LocationManager.swift */ = {isa = PBXFileReference; lastKnownFileType = sourcecode.swift; path = LocationManager.swift; sourceTree = "<group>"; };
		25E47B802A4CE10D008ECFC6 /* LocationSearchActivationView.swift */ = {isa = PBXFileReference; lastKnownFileType = sourcecode.swift; path = LocationSearchActivationView.swift; sourceTree = "<group>"; };
		25E47B822A4CE476008ECFC6 /* MapViewActionButton.swift */ = {isa = PBXFileReference; lastKnownFileType = sourcecode.swift; path = MapViewActionButton.swift; sourceTree = "<group>"; };
		25E47B842A4D3554008ECFC6 /* LocationSearchView.swift */ = {isa = PBXFileReference; lastKnownFileType = sourcecode.swift; path = LocationSearchView.swift; sourceTree = "<group>"; };
		25E47B862A4D3712008ECFC6 /* LocationSearchRow.swift */ = {isa = PBXFileReference; lastKnownFileType = sourcecode.swift; path = LocationSearchRow.swift; sourceTree = "<group>"; };
		25E47B882A4D6445008ECFC6 /* LocationSearchViewModel.swift */ = {isa = PBXFileReference; lastKnownFileType = sourcecode.swift; path = LocationSearchViewModel.swift; sourceTree = "<group>"; };
		25E47B8A2A50EEC8008ECFC6 /* MapViewState.swift */ = {isa = PBXFileReference; lastKnownFileType = sourcecode.swift; path = MapViewState.swift; sourceTree = "<group>"; };
		25E47B8E2A50F427008ECFC6 /* RideRequestView.swift */ = {isa = PBXFileReference; lastKnownFileType = sourcecode.swift; path = RideRequestView.swift; sourceTree = "<group>"; };
/* End PBXFileReference section */

/* Begin PBXFrameworksBuildPhase section */
		253F2A962A4712C900093E7C /* Frameworks */ = {
			isa = PBXFrameworksBuildPhase;
			buildActionMask = 2147483647;
			files = (
			);
			runOnlyForDeploymentPostprocessing = 0;
		};
/* End PBXFrameworksBuildPhase section */

/* Begin PBXGroup section */
		253F2A902A4712C900093E7C = {
			isa = PBXGroup;
			children = (
				253F2A9B2A4712C900093E7C /* Uber */,
				253F2A9A2A4712C900093E7C /* Products */,
			);
			sourceTree = "<group>";
		};
		253F2A9A2A4712C900093E7C /* Products */ = {
			isa = PBXGroup;
			children = (
				253F2A992A4712C900093E7C /* Uber.app */,
			);
			name = Products;
			sourceTree = "<group>";
		};
		253F2A9B2A4712C900093E7C /* Uber */ = {
			isa = PBXGroup;
			children = (
				25E47B712A4B220C008ECFC6 /* App */,
				25E47B702A4B2206008ECFC6 /* Core */,
				25E47B6F2A4B2205008ECFC6 /* Extensions */,
				25E47B6E2A4B2204008ECFC6 /* Managers */,
				25E47B6C2A4B21F9008ECFC6 /* Models */,
				253F2AA02A4712CB00093E7C /* Assets.xcassets */,
				253F2AA22A4712CB00093E7C /* Preview Content */,
			);
			path = Uber;
			sourceTree = "<group>";
		};
		253F2AA22A4712CB00093E7C /* Preview Content */ = {
			isa = PBXGroup;
			children = (
				253F2AA32A4712CB00093E7C /* Preview Assets.xcassets */,
			);
			path = "Preview Content";
			sourceTree = "<group>";
		};
		25E47B6C2A4B21F9008ECFC6 /* Models */ = {
			isa = PBXGroup;
			children = (
				25E47B8A2A50EEC8008ECFC6 /* MapViewState.swift */,
			);
			path = Models;
			sourceTree = "<group>";
		};
		25E47B6E2A4B2204008ECFC6 /* Managers */ = {
			isa = PBXGroup;
			children = (
				25E47B792A4B2A91008ECFC6 /* LocationManager.swift */,
			);
			path = Managers;
			sourceTree = "<group>";
		};
		25E47B6F2A4B2205008ECFC6 /* Extensions */ = {
			isa = PBXGroup;
			children = (
			);
			path = Extensions;
			sourceTree = "<group>";
		};
		25E47B702A4B2206008ECFC6 /* Core */ = {
			isa = PBXGroup;
			children = (
				25E47B8C2A50F403008ECFC6 /* Trips */,
				25E47B7C2A4CE0BC008ECFC6 /* LocationSearch */,
				25E47B7B2A4CE0B2008ECFC6 /* Home */,
			);
			path = Core;
			sourceTree = "<group>";
		};
		25E47B712A4B220C008ECFC6 /* App */ = {
			isa = PBXGroup;
			children = (
				253F2A9C2A4712C900093E7C /* UberApp.swift */,
			);
			path = App;
			sourceTree = "<group>";
		};
		25E47B722A4B2407008ECFC6 /* ViewModels */ = {
			isa = PBXGroup;
			children = (
			);
			path = ViewModels;
			sourceTree = "<group>";
		};
		25E47B742A4B241C008ECFC6 /* Views */ = {
			isa = PBXGroup;
			children = (
				25E47B752A4B242D008ECFC6 /* HomeView.swift */,
				25E47B772A4B2529008ECFC6 /* UberMapViewRepresentable.swift */,
				25E47B822A4CE476008ECFC6 /* MapViewActionButton.swift */,
			);
			path = Views;
			sourceTree = "<group>";
		};
		25E47B7B2A4CE0B2008ECFC6 /* Home */ = {
			isa = PBXGroup;
			children = (
				25E47B722A4B2407008ECFC6 /* ViewModels */,
				25E47B742A4B241C008ECFC6 /* Views */,
			);
			path = Home;
			sourceTree = "<group>";
		};
		25E47B7C2A4CE0BC008ECFC6 /* LocationSearch */ = {
			isa = PBXGroup;
			children = (
				25E47B7E2A4CE0C8008ECFC6 /* ViewModels */,
				25E47B7D2A4CE0C6008ECFC6 /* Views */,
			);
			path = LocationSearch;
			sourceTree = "<group>";
		};
		25E47B7D2A4CE0C6008ECFC6 /* Views */ = {
			isa = PBXGroup;
			children = (
				25E47B802A4CE10D008ECFC6 /* LocationSearchActivationView.swift */,
				25E47B842A4D3554008ECFC6 /* LocationSearchView.swift */,
				25E47B862A4D3712008ECFC6 /* LocationSearchRow.swift */,
			);
			path = Views;
			sourceTree = "<group>";
		};
		25E47B7E2A4CE0C8008ECFC6 /* ViewModels */ = {
			isa = PBXGroup;
			children = (
				25E47B882A4D6445008ECFC6 /* LocationSearchViewModel.swift */,
			);
			path = ViewModels;
			sourceTree = "<group>";
		};
		25E47B8C2A50F403008ECFC6 /* Trips */ = {
			isa = PBXGroup;
			children = (
				25E47B8E2A50F427008ECFC6 /* RideRequestView.swift */,
			);
			path = Trips;
			sourceTree = "<group>";
		};
/* End PBXGroup section */

/* Begin PBXNativeTarget section */
		253F2A982A4712C900093E7C /* Uber */ = {
			isa = PBXNativeTarget;
			buildConfigurationList = 253F2AA72A4712CB00093E7C /* Build configuration list for PBXNativeTarget "Uber" */;
			buildPhases = (
				253F2A952A4712C900093E7C /* Sources */,
				253F2A962A4712C900093E7C /* Frameworks */,
				253F2A972A4712C900093E7C /* Resources */,
			);
			buildRules = (
			);
			dependencies = (
			);
			name = Uber;
			productName = Uber;
			productReference = 253F2A992A4712C900093E7C /* Uber.app */;
			productType = "com.apple.product-type.application";
		};
/* End PBXNativeTarget section */

/* Begin PBXProject section */
		253F2A912A4712C900093E7C /* Project object */ = {
			isa = PBXProject;
			attributes = {
				BuildIndependentTargetsInParallel = 1;
				LastSwiftUpdateCheck = 1420;
				LastUpgradeCheck = 1420;
				TargetAttributes = {
					253F2A982A4712C900093E7C = {
						CreatedOnToolsVersion = 14.2;
					};
				};
			};
			buildConfigurationList = 253F2A942A4712C900093E7C /* Build configuration list for PBXProject "Uber" */;
			compatibilityVersion = "Xcode 14.0";
			developmentRegion = en;
			hasScannedForEncodings = 0;
			knownRegions = (
				en,
				Base,
			);
			mainGroup = 253F2A902A4712C900093E7C;
			productRefGroup = 253F2A9A2A4712C900093E7C /* Products */;
			projectDirPath = "";
			projectRoot = "";
			targets = (
				253F2A982A4712C900093E7C /* Uber */,
			);
		};
/* End PBXProject section */

/* Begin PBXResourcesBuildPhase section */
		253F2A972A4712C900093E7C /* Resources */ = {
			isa = PBXResourcesBuildPhase;
			buildActionMask = 2147483647;
			files = (
				253F2AA42A4712CB00093E7C /* Preview Assets.xcassets in Resources */,
				253F2AA12A4712CB00093E7C /* Assets.xcassets in Resources */,
			);
			runOnlyForDeploymentPostprocessing = 0;
		};
/* End PBXResourcesBuildPhase section */

/* Begin PBXSourcesBuildPhase section */
		253F2A952A4712C900093E7C /* Sources */ = {
			isa = PBXSourcesBuildPhase;
			buildActionMask = 2147483647;
			files = (
				25E47B892A4D6445008ECFC6 /* LocationSearchViewModel.swift in Sources */,
				25E47B852A4D3554008ECFC6 /* LocationSearchView.swift in Sources */,
				25E47B7A2A4B2A91008ECFC6 /* LocationManager.swift in Sources */,
				25E47B8F2A50F427008ECFC6 /* RideRequestView.swift in Sources */,
				25E47B8B2A50EEC8008ECFC6 /* MapViewState.swift in Sources */,
				25E47B832A4CE476008ECFC6 /* MapViewActionButton.swift in Sources */,
				253F2A9D2A4712C900093E7C /* UberApp.swift in Sources */,
				25E47B782A4B2529008ECFC6 /* UberMapViewRepresentable.swift in Sources */,
				25E47B762A4B242D008ECFC6 /* HomeView.swift in Sources */,
				25E47B812A4CE10D008ECFC6 /* LocationSearchActivationView.swift in Sources */,
				25E47B872A4D3712008ECFC6 /* LocationSearchRow.swift in Sources */,
			);
			runOnlyForDeploymentPostprocessing = 0;
		};
/* End PBXSourcesBuildPhase section */

/* Begin XCBuildConfiguration section */
		253F2AA52A4712CB00093E7C /* Debug */ = {
			isa = XCBuildConfiguration;
			buildSettings = {
				ALWAYS_SEARCH_USER_PATHS = NO;
				CLANG_ANALYZER_NONNULL = YES;
				CLANG_ANALYZER_NUMBER_OBJECT_CONVERSION = YES_AGGRESSIVE;
				CLANG_CXX_LANGUAGE_STANDARD = "gnu++20";
				CLANG_ENABLE_MODULES = YES;
				CLANG_ENABLE_OBJC_ARC = YES;
				CLANG_ENABLE_OBJC_WEAK = YES;
				CLANG_WARN_BLOCK_CAPTURE_AUTORELEASING = YES;
				CLANG_WARN_BOOL_CONVERSION = YES;
				CLANG_WARN_COMMA = YES;
				CLANG_WARN_CONSTANT_CONVERSION = YES;
				CLANG_WARN_DEPRECATED_OBJC_IMPLEMENTATIONS = YES;
				CLANG_WARN_DIRECT_OBJC_ISA_USAGE = YES_ERROR;
				CLANG_WARN_DOCUMENTATION_COMMENTS = YES;
				CLANG_WARN_EMPTY_BODY = YES;
				CLANG_WARN_ENUM_CONVERSION = YES;
				CLANG_WARN_INFINITE_RECURSION = YES;
				CLANG_WARN_INT_CONVERSION = YES;
				CLANG_WARN_NON_LITERAL_NULL_CONVERSION = YES;
				CLANG_WARN_OBJC_IMPLICIT_RETAIN_SELF = YES;
				CLANG_WARN_OBJC_LITERAL_CONVERSION = YES;
				CLANG_WARN_OBJC_ROOT_CLASS = YES_ERROR;
				CLANG_WARN_QUOTED_INCLUDE_IN_FRAMEWORK_HEADER = YES;
				CLANG_WARN_RANGE_LOOP_ANALYSIS = YES;
				CLANG_WARN_STRICT_PROTOTYPES = YES;
				CLANG_WARN_SUSPICIOUS_MOVE = YES;
				CLANG_WARN_UNGUARDED_AVAILABILITY = YES_AGGRESSIVE;
				CLANG_WARN_UNREACHABLE_CODE = YES;
				CLANG_WARN__DUPLICATE_METHOD_MATCH = YES;
				COPY_PHASE_STRIP = NO;
				DEBUG_INFORMATION_FORMAT = dwarf;
				ENABLE_STRICT_OBJC_MSGSEND = YES;
				ENABLE_TESTABILITY = YES;
				GCC_C_LANGUAGE_STANDARD = gnu11;
				GCC_DYNAMIC_NO_PIC = NO;
				GCC_NO_COMMON_BLOCKS = YES;
				GCC_OPTIMIZATION_LEVEL = 0;
				GCC_PREPROCESSOR_DEFINITIONS = (
					"DEBUG=1",
					"$(inherited)",
				);
				GCC_WARN_64_TO_32_BIT_CONVERSION = YES;
				GCC_WARN_ABOUT_RETURN_TYPE = YES_ERROR;
				GCC_WARN_UNDECLARED_SELECTOR = YES;
				GCC_WARN_UNINITIALIZED_AUTOS = YES_AGGRESSIVE;
				GCC_WARN_UNUSED_FUNCTION = YES;
				GCC_WARN_UNUSED_VARIABLE = YES;
				IPHONEOS_DEPLOYMENT_TARGET = 16.2;
				MTL_ENABLE_DEBUG_INFO = INCLUDE_SOURCE;
				MTL_FAST_MATH = YES;
				ONLY_ACTIVE_ARCH = YES;
				SDKROOT = iphoneos;
				SWIFT_ACTIVE_COMPILATION_CONDITIONS = DEBUG;
				SWIFT_OPTIMIZATION_LEVEL = "-Onone";
			};
			name = Debug;
		};
		253F2AA62A4712CB00093E7C /* Release */ = {
			isa = XCBuildConfiguration;
			buildSettings = {
				ALWAYS_SEARCH_USER_PATHS = NO;
				CLANG_ANALYZER_NONNULL = YES;
				CLANG_ANALYZER_NUMBER_OBJECT_CONVERSION = YES_AGGRESSIVE;
				CLANG_CXX_LANGUAGE_STANDARD = "gnu++20";
				CLANG_ENABLE_MODULES = YES;
				CLANG_ENABLE_OBJC_ARC = YES;
				CLANG_ENABLE_OBJC_WEAK = YES;
				CLANG_WARN_BLOCK_CAPTURE_AUTORELEASING = YES;
				CLANG_WARN_BOOL_CONVERSION = YES;
				CLANG_WARN_COMMA = YES;
				CLANG_WARN_CONSTANT_CONVERSION = YES;
				CLANG_WARN_DEPRECATED_OBJC_IMPLEMENTATIONS = YES;
				CLANG_WARN_DIRECT_OBJC_ISA_USAGE = YES_ERROR;
				CLANG_WARN_DOCUMENTATION_COMMENTS = YES;
				CLANG_WARN_EMPTY_BODY = YES;
				CLANG_WARN_ENUM_CONVERSION = YES;
				CLANG_WARN_INFINITE_RECURSION = YES;
				CLANG_WARN_INT_CONVERSION = YES;
				CLANG_WARN_NON_LITERAL_NULL_CONVERSION = YES;
				CLANG_WARN_OBJC_IMPLICIT_RETAIN_SELF = YES;
				CLANG_WARN_OBJC_LITERAL_CONVERSION = YES;
				CLANG_WARN_OBJC_ROOT_CLASS = YES_ERROR;
				CLANG_WARN_QUOTED_INCLUDE_IN_FRAMEWORK_HEADER = YES;
				CLANG_WARN_RANGE_LOOP_ANALYSIS = YES;
				CLANG_WARN_STRICT_PROTOTYPES = YES;
				CLANG_WARN_SUSPICIOUS_MOVE = YES;
				CLANG_WARN_UNGUARDED_AVAILABILITY = YES_AGGRESSIVE;
				CLANG_WARN_UNREACHABLE_CODE = YES;
				CLANG_WARN__DUPLICATE_METHOD_MATCH = YES;
				COPY_PHASE_STRIP = NO;
				DEBUG_INFORMATION_FORMAT = "dwarf-with-dsym";
				ENABLE_NS_ASSERTIONS = NO;
				ENABLE_STRICT_OBJC_MSGSEND = YES;
				GCC_C_LANGUAGE_STANDARD = gnu11;
				GCC_NO_COMMON_BLOCKS = YES;
				GCC_WARN_64_TO_32_BIT_CONVERSION = YES;
				GCC_WARN_ABOUT_RETURN_TYPE = YES_ERROR;
				GCC_WARN_UNDECLARED_SELECTOR = YES;
				GCC_WARN_UNINITIALIZED_AUTOS = YES_AGGRESSIVE;
				GCC_WARN_UNUSED_FUNCTION = YES;
				GCC_WARN_UNUSED_VARIABLE = YES;
				IPHONEOS_DEPLOYMENT_TARGET = 16.2;
				MTL_ENABLE_DEBUG_INFO = NO;
				MTL_FAST_MATH = YES;
				SDKROOT = iphoneos;
				SWIFT_COMPILATION_MODE = wholemodule;
				SWIFT_OPTIMIZATION_LEVEL = "-O";
				VALIDATE_PRODUCT = YES;
			};
			name = Release;
		};
		253F2AA82A4712CB00093E7C /* Debug */ = {
			isa = XCBuildConfiguration;
			buildSettings = {
				ASSETCATALOG_COMPILER_APPICON_NAME = AppIcon;
				ASSETCATALOG_COMPILER_GLOBAL_ACCENT_COLOR_NAME = AccentColor;
				CODE_SIGN_STYLE = Automatic;
				CURRENT_PROJECT_VERSION = 1;
				DEVELOPMENT_ASSET_PATHS = "\"Uber/Preview Content\"";
				DEVELOPMENT_TEAM = A4222NNV64;
				ENABLE_PREVIEWS = YES;
				GENERATE_INFOPLIST_FILE = YES;
				INFOPLIST_KEY_NSLocationWhenInUseUsageDescription = "Please allow us to access your location to fin your nearby drivers.";
				INFOPLIST_KEY_UIApplicationSceneManifest_Generation = YES;
				INFOPLIST_KEY_UIApplicationSupportsIndirectInputEvents = YES;
				INFOPLIST_KEY_UILaunchScreen_Generation = YES;
				INFOPLIST_KEY_UISupportedInterfaceOrientations_iPad = "UIInterfaceOrientationPortrait UIInterfaceOrientationPortraitUpsideDown UIInterfaceOrientationLandscapeLeft UIInterfaceOrientationLandscapeRight";
				INFOPLIST_KEY_UISupportedInterfaceOrientations_iPhone = "UIInterfaceOrientationPortrait UIInterfaceOrientationLandscapeLeft UIInterfaceOrientationLandscapeRight";
				LD_RUNPATH_SEARCH_PATHS = (
					"$(inherited)",
					"@executable_path/Frameworks",
				);
				MARKETING_VERSION = 1.0;
				PRODUCT_BUNDLE_IDENTIFIER = com.saeedi.Uber;
				PRODUCT_NAME = "$(TARGET_NAME)";
				SWIFT_EMIT_LOC_STRINGS = YES;
				SWIFT_VERSION = 5.0;
				TARGETED_DEVICE_FAMILY = "1,2";
			};
			name = Debug;
		};
		253F2AA92A4712CB00093E7C /* Release */ = {
			isa = XCBuildConfiguration;
			buildSettings = {
				ASSETCATALOG_COMPILER_APPICON_NAME = AppIcon;
				ASSETCATALOG_COMPILER_GLOBAL_ACCENT_COLOR_NAME = AccentColor;
				CODE_SIGN_STYLE = Automatic;
				CURRENT_PROJECT_VERSION = 1;
				DEVELOPMENT_ASSET_PATHS = "\"Uber/Preview Content\"";
				DEVELOPMENT_TEAM = A4222NNV64;
				ENABLE_PREVIEWS = YES;
				GENERATE_INFOPLIST_FILE = YES;
				INFOPLIST_KEY_NSLocationWhenInUseUsageDescription = "Please allow us to access your location to fin your nearby drivers.";
				INFOPLIST_KEY_UIApplicationSceneManifest_Generation = YES;
				INFOPLIST_KEY_UIApplicationSupportsIndirectInputEvents = YES;
				INFOPLIST_KEY_UILaunchScreen_Generation = YES;
				INFOPLIST_KEY_UISupportedInterfaceOrientations_iPad = "UIInterfaceOrientationPortrait UIInterfaceOrientationPortraitUpsideDown UIInterfaceOrientationLandscapeLeft UIInterfaceOrientationLandscapeRight";
				INFOPLIST_KEY_UISupportedInterfaceOrientations_iPhone = "UIInterfaceOrientationPortrait UIInterfaceOrientationLandscapeLeft UIInterfaceOrientationLandscapeRight";
				LD_RUNPATH_SEARCH_PATHS = (
					"$(inherited)",
					"@executable_path/Frameworks",
				);
				MARKETING_VERSION = 1.0;
				PRODUCT_BUNDLE_IDENTIFIER = com.saeedi.Uber;
				PRODUCT_NAME = "$(TARGET_NAME)";
				SWIFT_EMIT_LOC_STRINGS = YES;
				SWIFT_VERSION = 5.0;
				TARGETED_DEVICE_FAMILY = "1,2";
			};
			name = Release;
		};
/* End XCBuildConfiguration section */

/* Begin XCConfigurationList section */
		253F2A942A4712C900093E7C /* Build configuration list for PBXProject "Uber" */ = {
			isa = XCConfigurationList;
			buildConfigurations = (
				253F2AA52A4712CB00093E7C /* Debug */,
				253F2AA62A4712CB00093E7C /* Release */,
			);
			defaultConfigurationIsVisible = 0;
			defaultConfigurationName = Release;
		};
		253F2AA72A4712CB00093E7C /* Build configuration list for PBXNativeTarget "Uber" */ = {
			isa = XCConfigurationList;
			buildConfigurations = (
				253F2AA82A4712CB00093E7C /* Debug */,
				253F2AA92A4712CB00093E7C /* Release */,
			);
			defaultConfigurationIsVisible = 0;
			defaultConfigurationName = Release;
		};
/* End XCConfigurationList section */
	};
	rootObject = 253F2A912A4712C900093E7C /* Project object */;
}
